
Microsoft Visual Studio Solution File, Format Version 12.00
# Visual Studio 15
VisualStudioVersion = 15.0.27703.2000
MinimumVisualStudioVersion = 10.0.40219.1
Project("{FAE04EC0-301F-11D3-BF4B-00C04F79EFBC}") = "NeuralStyle.Service", "NeuralStyle.Service\NeuralStyle.Service.csproj", "{9C97D1F7-0BED-4ED7-9F89-11D8BCB1FD9D}"
EndProject
Project("{E53339B2-1760-4266-BCC7-CA923CBCF16C}") = "docker-compose", "docker-compose.dcproj", "{6518AF38-FFA5-45F3-B55F-8DE94C82E52B}"
EndProject
Global
	GlobalSection(SolutionConfigurationPlatforms) = preSolution
		Debug|Any CPU = Debug|Any CPU
		Release|Any CPU = Release|Any CPU
	EndGlobalSection
	GlobalSection(ProjectConfigurationPlatforms) = postSolution
		{9C97D1F7-0BED-4ED7-9F89-11D8BCB1FD9D}.Debug|Any CPU.ActiveCfg = Debug|Any CPU
		{9C97D1F7-0BED-4ED7-9F89-11D8BCB1FD9D}.Debug|Any CPU.Build.0 = Debug|Any CPU
		{9C97D1F7-0BED-4ED7-9F89-11D8BCB1FD9D}.Release|Any CPU.ActiveCfg = Release|Any CPU
		{9C97D1F7-0BED-4ED7-9F89-11D8BCB1FD9D}.Release|Any CPU.Build.0 = Release|Any CPU
		{6518AF38-FFA5-45F3-B55F-8DE94C82E52B}.Debug|Any CPU.ActiveCfg = Debug|Any CPU
		{6518AF38-FFA5-45F3-B55F-8DE94C82E52B}.Debug|Any CPU.Build.0 = Debug|Any CPU
		{6518AF38-FFA5-45F3-B55F-8DE94C82E52B}.Release|Any CPU.ActiveCfg = Release|Any CPU
		{6518AF38-FFA5-45F3-B55F-8DE94C82E52B}.Release|Any CPU.Build.0 = Release|Any CPU
	EndGlobalSection
	GlobalSection(SolutionProperties) = preSolution
		HideSolutionNode = FALSE
	EndGlobalSection
	GlobalSection(ExtensibilityGlobals) = postSolution
		SolutionGuid = {CF265560-C7AC-4AA5-ABCC-69D9663EBB5D}
	EndGlobalSection
EndGlobal
